
Microsoft Visual Studio Solution File, Format Version 12.00
# Visual Studio Version 17
VisualStudioVersion = 17.7.34003.232
MinimumVisualStudioVersion = 10.0.40219.1
Project("{FAE04EC0-301F-11D3-BF4B-00C04F79EFBC}") = "nikohealth.Api", "nikohealth.Api.csproj", "{FBB2FF2D-C387-4A20-8A90-AF76DC067C78}"
EndProject
Global
	GlobalSection(SolutionConfigurationPlatforms) = preSolution
		Debug|Any CPU = Debug|Any CPU
		Release|Any CPU = Release|Any CPU
	EndGlobalSection
	GlobalSection(ProjectConfigurationPlatforms) = postSolution
		{FBB2FF2D-C387-4A20-8A90-AF76DC067C78}.Debug|Any CPU.ActiveCfg = Debug|Any CPU
		{FBB2FF2D-C387-4A20-8A90-AF76DC067C78}.Debug|Any CPU.Build.0 = Debug|Any CPU
		{FBB2FF2D-C387-4A20-8A90-AF76DC067C78}.Release|Any CPU.ActiveCfg = Release|Any CPU
		{FBB2FF2D-C387-4A20-8A90-AF76DC067C78}.Release|Any CPU.Build.0 = Release|Any CPU
	EndGlobalSection
	GlobalSection(SolutionProperties) = preSolution
		HideSolutionNode = FALSE
	EndGlobalSection
	GlobalSection(ExtensibilityGlobals) = postSolution
		SolutionGuid = {68ADC264-E49E-40BC-A69B-2588B3355D2C}
	EndGlobalSection
EndGlobal
